PODS:
  - ScalePicker (2.7.12)
  - XLForm (3.3.0)

DEPENDENCIES:
  - ScalePicker (from `../.`)
  - XLForm

SPEC REPOS:
  https://github.com/CocoaPods/Specs.git:
    - XLForm

EXTERNAL SOURCES:
  ScalePicker:
    :path: "../."

SPEC CHECKSUMS:
  ScalePicker: 762b9759d3d9bafef9cc21f1184f88fbefee2a98
  XLForm: d5c391dfc62865927b5bcab0a5a0dbfb3e02b0ec

PODFILE CHECKSUM: 722fe63f306fb90b589b7d887975bbc3a8ede472

COCOAPODS: 1.8.3
